
Microsoft Visual Studio Solution File, Format Version 12.00
# Visual Studio 2013
VisualStudioVersion = 12.0.21005.1
MinimumVisualStudioVersion = 10.0.40219.1
Project("{FAE04EC0-301F-11D3-BF4B-00C04F79EFBC}") = "DBFConvertLincense", "DBFConvertLincense\DBFConvertLincense.csproj", "{EF4D0ECB-B5AB-4E42-B289-F538575037FA}"
EndProject
Global
	GlobalSection(SolutionConfigurationPlatforms) = preSolution
		Debug|Any CPU = Debug|Any CPU
		Release|Any CPU = Release|Any CPU
	EndGlobalSection
	GlobalSection(ProjectConfigurationPlatforms) = postSolution
		{EF4D0ECB-B5AB-4E42-B289-F538575037FA}.Debug|Any CPU.ActiveCfg = Debug|Any CPU
		{EF4D0ECB-B5AB-4E42-B289-F538575037FA}.Debug|Any CPU.Build.0 = Debug|Any CPU
		{EF4D0ECB-B5AB-4E42-B289-F538575037FA}.Release|Any CPU.ActiveCfg = Release|Any CPU
		{EF4D0ECB-B5AB-4E42-B289-F538575037FA}.Release|Any CPU.Build.0 = Release|Any CPU
	EndGlobalSection
	GlobalSection(SolutionProperties) = preSolution
		HideSolutionNode = FALSE
	EndGlobalSection
EndGlobal
